
Microsoft Visual Studio Solution File, Format Version 12.00
Project("{FAE04EC0-301F-11D3-BF4B-00C04F79EFBC}") = "Natsu.Backend", "Natsu.Backend\Natsu.Backend.csproj", "{89EC121F-FE89-4C5E-ABCF-D0BAAA9D47C2}"
EndProject
Global
	GlobalSection(SolutionConfigurationPlatforms) = preSolution
		Debug|Any CPU = Debug|Any CPU
		Release|Any CPU = Release|Any CPU
	EndGlobalSection
	GlobalSection(ProjectConfigurationPlatforms) = postSolution
		{89EC121F-FE89-4C5E-ABCF-D0BAAA9D47C2}.Debug|Any CPU.ActiveCfg = Debug|Any CPU
		{89EC121F-FE89-4C5E-ABCF-D0BAAA9D47C2}.Debug|Any CPU.Build.0 = Debug|Any CPU
		{89EC121F-FE89-4C5E-ABCF-D0BAAA9D47C2}.Release|Any CPU.ActiveCfg = Release|Any CPU
		{89EC121F-FE89-4C5E-ABCF-D0BAAA9D47C2}.Release|Any CPU.Build.0 = Release|Any CPU
		{35C5EFCC-77CA-402D-9C5C-774D6F9B57E3}.Debug|Any CPU.ActiveCfg = Debug|Any CPU
		{35C5EFCC-77CA-402D-9C5C-774D6F9B57E3}.Debug|Any CPU.Build.0 = Debug|Any CPU
		{35C5EFCC-77CA-402D-9C5C-774D6F9B57E3}.Release|Any CPU.ActiveCfg = Release|Any CPU
		{35C5EFCC-77CA-402D-9C5C-774D6F9B57E3}.Release|Any CPU.Build.0 = Release|Any CPU
	EndGlobalSection
EndGlobal
